# THIS IS AN AUTOGENERATED FILE. DO NOT EDIT THIS FILE DIRECTLY.
# yarn lockfile v1


any-promise@^1.0.0:
  version "1.3.0"
  resolved "https://registry.yarnpkg.com/any-promise/-/any-promise-1.3.0.tgz#abc6afeedcea52e809cdc0376aed3ce39635d17f"
  integrity sha1-q8av7tzqUugJzcA3au0845Y10X8=

compressible@^2.0.6:
  version "2.0.15"
  resolved "https://registry.yarnpkg.com/compressible/-/compressible-2.0.15.tgz#857a9ab0a7e5a07d8d837ed43fe2defff64fe212"
  integrity sha512-4aE67DL33dSW9gw4CI2H/yTxqHLNcxp0yS6jB+4h+wr3e43+1z7vm0HU9qXOH8j+qjKuL8+UtkOxYQSMq60Ylw==
  dependencies:
    mime-db ">= 1.36.0 < 2"

debug@^3.1.0:
  version "3.2.6"
  resolved "https://registry.yarnpkg.com/debug/-/debug-3.2.6.tgz#e83d17de16d8a7efb7717edbe5fb10135eee629b"
  integrity sha512-mel+jf7nrtEl5Pn1Qx46zARXKDpBbvzezse7p7LqINmdoIk8PYP5SySaxEmYv6TZ0JyEKA1hsCId6DIhgITtWQ==
  dependencies:
    ms "^2.1.1"

egg-static@^2.1.1:
  version "2.1.1"
  resolved "https://registry.yarnpkg.com/egg-static/-/egg-static-2.1.1.tgz#d76ce75162bd27a002e4922a73c868be9e412496"
  integrity sha512-Rk1cT0TH72JRWnsTQ22XTDODi9StwF3heeT+PUDcMagXvm8jlgbUXTDQ7nghNX0M2aKzFifse9+sNCR81V78cw==
  dependencies:
    koa-compose "^4.0.0"
    koa-range "^0.3.0"
    koa-static-cache "^5.1.1"
    mkdirp "^0.5.1"
    ylru "^1.2.0"

egg-view-ejs@^2.0.0:
  version "2.0.0"
  resolved "https://registry.yarnpkg.com/egg-view-ejs/-/egg-view-ejs-2.0.0.tgz#996f38e61b497c92b449dbb1103141a13f32d65f"
  integrity sha512-57oPbVkMm9S0jNn+Wn4GyCjT/B/P0TnOTAU4NJtz8B/rKb/oeP1EcWV2ZaLVCvNLXLP5HnWCmIOz+GqV4mYCcw==
  dependencies:
    ejs "^2.5.7"

egg-view@^2.1.1:
  version "2.1.1"
  resolved "https://registry.yarnpkg.com/egg-view/-/egg-view-2.1.1.tgz#46684edb5bd6bfa65e3f234617dd8d939bd7fed8"
  integrity sha512-95M3I0HJ3m/5j3qED4z4N5r+6USxEaTVaG//G4ZQYRt+G1WbzFPtBoAezsCbzfIJm/iO6gkFxgEleSDuxJOx4Q==
  dependencies:
    mz "^2.7.0"

ejs@^2.5.7:
  version "2.6.1"
  resolved "https://registry.yarnpkg.com/ejs/-/ejs-2.6.1.tgz#498ec0d495655abc6f23cd61868d926464071aa0"
  integrity sha512-0xy4A/twfrRCnkhfk8ErDi5DqdAsAqeGxht4xkCUrsvhhbQNs7E+4jV0CN7+NKIY0aHE72+XvqtBIXzD31ZbXQ==

fs-readdir-recursive@^1.0.0:
  version "1.1.0"
  resolved "https://registry.yarnpkg.com/fs-readdir-recursive/-/fs-readdir-recursive-1.1.0.tgz#e32fc030a2ccee44a6b5371308da54be0b397d27"
  integrity sha512-GNanXlVr2pf02+sPN40XN8HG+ePaNcvM0q5mZBd668Obwb0yD5GiUbZOFgwn8kGMY6I3mdyDJzieUy3PTYyTRA==

koa-compose@^4.0.0:
  version "4.1.0"
  resolved "https://registry.yarnpkg.com/koa-compose/-/koa-compose-4.1.0.tgz#507306b9371901db41121c812e923d0d67d3e877"
  integrity sha512-8ODW8TrDuMYvXRwra/Kh7/rJo9BtOfPc6qO8eAfC80CnCvSjSl0bkRM24X6/XBBEyj0v1nRUQ1LyOy3dbqOWXw==

koa-range@^0.3.0:
  version "0.3.0"
  resolved "https://registry.yarnpkg.com/koa-range/-/koa-range-0.3.0.tgz#3588e3496473a839a1bd264d2a42b1d85bd7feac"
  integrity sha1-NYjjSWRzqDmhvSZNKkKx2FvX/qw=
  dependencies:
    stream-slice "^0.1.2"

koa-static-cache@^5.1.1:
  version "5.1.2"
  resolved "https://registry.yarnpkg.com/koa-static-cache/-/koa-static-cache-5.1.2.tgz#49b592007157b164f5e9df5b276e305c8be5016a"
  integrity sha512-EhnVBF9mkbp7bijDz2+yg5KxXFsUYUQCOqGy78bAhJp2PRMCMYV7nG/f7k9/liw+43u2Uow0v6ZZ025qBCYsGw==
  dependencies:
    compressible "^2.0.6"
    debug "^3.1.0"
    fs-readdir-recursive "^1.0.0"
    mime-types "^2.1.8"
    mz "^2.7.0"

"mime-db@>= 1.36.0 < 2", mime-db@~1.37.0:
  version "1.37.0"
  resolved "https://registry.yarnpkg.com/mime-db/-/mime-db-1.37.0.tgz#0b6a0ce6fdbe9576e25f1f2d2fde8830dc0ad0d8"
  integrity sha512-R3C4db6bgQhlIhPU48fUtdVmKnflq+hRdad7IyKhtFj06VPNVdk2RhiYL3UjQIlso8L+YxAtFkobT0VK+S/ybg==

mime-types@^2.1.8:
  version "2.1.21"
  resolved "https://registry.yarnpkg.com/mime-types/-/mime-types-2.1.21.tgz#28995aa1ecb770742fe6ae7e58f9181c744b3f96"
  integrity sha512-3iL6DbwpyLzjR3xHSFNFeb9Nz/M8WDkX33t1GFQnFOllWk8pOrh/LSrB5OXlnlW5P9LH73X6loW/eogc+F5lJg==
  dependencies:
    mime-db "~1.37.0"

minimist@0.0.8:
  version "0.0.8"
  resolved "https://registry.yarnpkg.com/minimist/-/minimist-0.0.8.tgz#857fcabfc3397d2625b8228262e86aa7a011b05d"
  integrity sha1-hX/Kv8M5fSYluCKCYuhqp6ARsF0=

mkdirp@^0.5.1:
  version "0.5.1"
  resolved "https://registry.yarnpkg.com/mkdirp/-/mkdirp-0.5.1.tgz#30057438eac6cf7f8c4767f38648d6697d75c903"
  integrity sha1-MAV0OOrGz3+MR2fzhkjWaX11yQM=
  dependencies:
    minimist "0.0.8"

ms@^2.1.1:
  version "2.1.1"
  resolved "https://registry.yarnpkg.com/ms/-/ms-2.1.1.tgz#30a5864eb3ebb0a66f2ebe6d727af06a09d86e0a"
  integrity sha512-tgp+dl5cGk28utYktBsrFqA7HKgrhgPsg6Z/EfhWI4gl1Hwq8B/GmY/0oXZ6nF8hDVesS/FpnYaD/kOWhYQvyg==

mz@^2.7.0:
  version "2.7.0"
  resolved "https://registry.yarnpkg.com/mz/-/mz-2.7.0.tgz#95008057a56cafadc2bc63dde7f9ff6955948e32"
  integrity sha512-z81GNO7nnYMEhrGh9LeymoE4+Yr0Wn5McHIZMK5cfQCl+NDX08sCZgUc9/6MHni9IWuFLm1Z3HTCXu2z9fN62Q==
  dependencies:
    any-promise "^1.0.0"
    object-assign "^4.0.1"
    thenify-all "^1.0.0"

object-assign@^4.0.1:
  version "4.1.1"
  resolved "https://registry.yarnpkg.com/object-assign/-/object-assign-4.1.1.tgz#2109adc7965887cfc05cbbd442cac8bfbb360863"
  integrity sha1-IQmtx5ZYh8/AXLvUQsrIv7s2CGM=

stream-slice@^0.1.2:
  version "0.1.2"
  resolved "https://registry.yarnpkg.com/stream-slice/-/stream-slice-0.1.2.tgz#2dc4f4e1b936fb13f3eb39a2def1932798d07a4b"
  integrity sha1-LcT04bk2+xPz6zmi3vGTJ5jQeks=

thenify-all@^1.0.0:
  version "1.6.0"
  resolved "https://registry.yarnpkg.com/thenify-all/-/thenify-all-1.6.0.tgz#1a1918d402d8fc3f98fbf234db0bcc8cc10e9726"
  integrity sha1-GhkY1ALY/D+Y+/I02wvMjMEOlyY=
  dependencies:
    thenify ">= 3.1.0 < 4"

"thenify@>= 3.1.0 < 4":
  version "3.3.0"
  resolved "https://registry.yarnpkg.com/thenify/-/thenify-3.3.0.tgz#e69e38a1babe969b0108207978b9f62b88604839"
  integrity sha1-5p44obq+lpsBCCB5eLn2K4hgSDk=
  dependencies:
    any-promise "^1.0.0"

ylru@^1.2.0:
  version "1.2.1"
  resolved "https://registry.yarnpkg.com/ylru/-/ylru-1.2.1.tgz#f576b63341547989c1de7ba288760923b27fe84f"
  integrity sha512-faQrqNMzcPCHGVC2aaOINk13K+aaBDUPjGWl0teOXywElLjyVAB6Oe2jj62jHYtwsU49jXhScYbvPENK+6zAvQ==
